{
  "name": "tuto",
  "version": "0.1.0",
  "lockfileVersion": 1,
  "requires": true,
  "dependencies": {
    "prettier": {
      "version": "1.9.0",
      "resolved": "https://registry.npmjs.org/prettier/-/prettier-1.9.0.tgz",
      "integrity": "sha512-NMIs+QW5ACV7qZxAAz6Y1cBlaq9D24O0yKI357QL19ZkzDkGq/e0uIeZDdm8WZpyIgiY5a6IFY2YFhdZgCSJdw=="
    }
  }
}
